dependencies:
- name: k8s-dashboard
  repository: file://../k8s-dashboard
  version: 1.0.1
- name: pod-timing-watcher
  repository: file://../pod-timing-watcher
  version: 0.1.0
digest: sha256:82723c2398eb6f0bfc47b47bf45324fc381f27b6006eb7cd6db68728aec9dd37
generated: "2025-10-09T03:03:46.405057+02:00"
