dependencies:
- name: k8s-dashboard
  repository: file://../k8s-dashboard
  version: 1.0.1
- name: workload-timing-watcher
  repository: file://../workload-timing-watcher
  version: 1.0.0
- name: alerts-populator
  repository: file://../alerts-populator
  version: 1.0.0
- name: tuning-parameters-populator
  repository: file://../tuning-parameters-populator
  version: 1.0.0
digest: sha256:3600f3f93835e014eba7cedb406b17b5e04177a72dd3f7dc5617a994d7af5372
generated: "2025-12-06T02:24:03.833175+01:00"
