dependencies:
- name: k8s-dashboard
  repository: file://../k8s-dashboard
  version: 1.0.1
- name: workload-timing-watcher
  repository: file://../workload-timing-watcher
  version: 1.0.0
- name: alerts-populator
  repository: file://../alerts-populator
  version: 1.0.0
digest: sha256:92596bd4bee00614b21ccd3c721327fb1ce964eb951478d5841e3753ee5ad717
generated: "2025-10-24T13:05:25.800312+02:00"
